
Microsoft Visual Studio Solution File, Format Version 12.00
# Visual Studio 14
VisualStudioVersion = 14.0.25420.1
MinimumVisualStudioVersion = 10.0.40219.1
Project("{FAE04EC0-301F-11D3-BF4B-00C04F79EFBC}") = "test", "test\test.csproj", "{71105984-F0D9-4B8F-A806-F88107C4A25F}"
EndProject
Project("{FAE04EC0-301F-11D3-BF4B-00C04F79EFBC}") = "generated", "generated\generated.csproj", "{A27F9CF8-EF49-43C6-800F-3A32A964B0FB}"
EndProject
Project("{FAE04EC0-301F-11D3-BF4B-00C04F79EFBC}") = "putki", "putki\putki.csproj", "{F83B874A-559F-4F77-88ED-A54A4A7A3073}"
EndProject
Project("{FAE04EC0-301F-11D3-BF4B-00C04F79EFBC}") = "game", "game\game.csproj", "{CF445320-C1EE-4630-9C0B-DBD5B5093E4A}"
EndProject
Global
	GlobalSection(SolutionConfigurationPlatforms) = preSolution
		Debug|Any CPU = Debug|Any CPU
		Release|Any CPU = Release|Any CPU
	EndGlobalSection
	GlobalSection(ProjectConfigurationPlatforms) = postSolution
		{71105984-F0D9-4B8F-A806-F88107C4A25F}.Debug|Any CPU.ActiveCfg = Debug|Any CPU
		{71105984-F0D9-4B8F-A806-F88107C4A25F}.Debug|Any CPU.Build.0 = Debug|Any CPU
		{71105984-F0D9-4B8F-A806-F88107C4A25F}.Release|Any CPU.ActiveCfg = Release|Any CPU
		{71105984-F0D9-4B8F-A806-F88107C4A25F}.Release|Any CPU.Build.0 = Release|Any CPU
		{A27F9CF8-EF49-43C6-800F-3A32A964B0FB}.Debug|Any CPU.ActiveCfg = Debug|Any CPU
		{A27F9CF8-EF49-43C6-800F-3A32A964B0FB}.Debug|Any CPU.Build.0 = Debug|Any CPU
		{A27F9CF8-EF49-43C6-800F-3A32A964B0FB}.Release|Any CPU.ActiveCfg = Release|Any CPU
		{A27F9CF8-EF49-43C6-800F-3A32A964B0FB}.Release|Any CPU.Build.0 = Release|Any CPU
		{F83B874A-559F-4F77-88ED-A54A4A7A3073}.Debug|Any CPU.ActiveCfg = Debug|Any CPU
		{F83B874A-559F-4F77-88ED-A54A4A7A3073}.Debug|Any CPU.Build.0 = Debug|Any CPU
		{F83B874A-559F-4F77-88ED-A54A4A7A3073}.Release|Any CPU.ActiveCfg = Release|Any CPU
		{F83B874A-559F-4F77-88ED-A54A4A7A3073}.Release|Any CPU.Build.0 = Release|Any CPU
		{CF445320-C1EE-4630-9C0B-DBD5B5093E4A}.Debug|Any CPU.ActiveCfg = Debug|Any CPU
		{CF445320-C1EE-4630-9C0B-DBD5B5093E4A}.Debug|Any CPU.Build.0 = Debug|Any CPU
		{CF445320-C1EE-4630-9C0B-DBD5B5093E4A}.Release|Any CPU.ActiveCfg = Release|Any CPU
		{CF445320-C1EE-4630-9C0B-DBD5B5093E4A}.Release|Any CPU.Build.0 = Release|Any CPU
	EndGlobalSection
	GlobalSection(SolutionProperties) = preSolution
		HideSolutionNode = FALSE
	EndGlobalSection
EndGlobal
